
Microsoft Visual Studio Solution File, Format Version 12.00
# Visual Studio 15
VisualStudioVersion = 15.0.28307.438
MinimumVisualStudioVersion = 10.0.40219.1
Project("{8BC9CEB8-8B4A-11D0-8D11-00A0C91BC942}") = "Library", "Library\Library.vcxproj", "{4E76C9F6-0B28-40CE-A125-FA20D399BABF}"
EndProject
Project("{8BC9CEB8-8B4A-11D0-8D11-00A0C91BC942}") = "CLI", "CLI\CLI.vcxproj", "{8FAFE65A-8B53-48EB-94FF-841F5E4AD82C}"
	ProjectSection(ProjectDependencies) = postProject
		{4E76C9F6-0B28-40CE-A125-FA20D399BABF} = {4E76C9F6-0B28-40CE-A125-FA20D399BABF}
	EndProjectSection
EndProject
Project("{8BC9CEB8-8B4A-11D0-8D11-00A0C91BC942}") = "Tests", "Tests\Tests.vcxproj", "{3EFF8713-E68B-4B19-BC4B-4EC30165A7C1}"
EndProject
Project("{8BC9CEB8-8B4A-11D0-8D11-00A0C91BC942}") = "LangSrv", "LangSrv\LangSrv.vcxproj", "{330A0596-DB49-45E4-AD2C-43A15AA29D21}"
	ProjectSection(ProjectDependencies) = postProject
		{4E76C9F6-0B28-40CE-A125-FA20D399BABF} = {4E76C9F6-0B28-40CE-A125-FA20D399BABF}
	EndProjectSection
EndProject
Global
	GlobalSection(SolutionConfigurationPlatforms) = preSolution
		Debug|x64 = Debug|x64
		Debug|x86 = Debug|x86
		Release|x64 = Release|x64
		Release|x86 = Release|x86
	EndGlobalSection
	GlobalSection(ProjectConfigurationPlatforms) = postSolution
		{4E76C9F6-0B28-40CE-A125-FA20D399BABF}.Debug|x64.ActiveCfg = Debug|x64
		{4E76C9F6-0B28-40CE-A125-FA20D399BABF}.Debug|x64.Build.0 = Debug|x64
		{4E76C9F6-0B28-40CE-A125-FA20D399BABF}.Debug|x86.ActiveCfg = Debug|Win32
		{4E76C9F6-0B28-40CE-A125-FA20D399BABF}.Debug|x86.Build.0 = Debug|Win32
		{4E76C9F6-0B28-40CE-A125-FA20D399BABF}.Release|x64.ActiveCfg = Release|x64
		{4E76C9F6-0B28-40CE-A125-FA20D399BABF}.Release|x64.Build.0 = Release|x64
		{4E76C9F6-0B28-40CE-A125-FA20D399BABF}.Release|x86.ActiveCfg = Release|Win32
		{4E76C9F6-0B28-40CE-A125-FA20D399BABF}.Release|x86.Build.0 = Release|Win32
		{8FAFE65A-8B53-48EB-94FF-841F5E4AD82C}.Debug|x64.ActiveCfg = Debug|x64
		{8FAFE65A-8B53-48EB-94FF-841F5E4AD82C}.Debug|x64.Build.0 = Debug|x64
		{8FAFE65A-8B53-48EB-94FF-841F5E4AD82C}.Debug|x86.ActiveCfg = Debug|Win32
		{8FAFE65A-8B53-48EB-94FF-841F5E4AD82C}.Debug|x86.Build.0 = Debug|Win32
		{8FAFE65A-8B53-48EB-94FF-841F5E4AD82C}.Release|x64.ActiveCfg = Release|x64
		{8FAFE65A-8B53-48EB-94FF-841F5E4AD82C}.Release|x64.Build.0 = Release|x64
		{8FAFE65A-8B53-48EB-94FF-841F5E4AD82C}.Release|x86.ActiveCfg = Release|Win32
		{8FAFE65A-8B53-48EB-94FF-841F5E4AD82C}.Release|x86.Build.0 = Release|Win32
		{3EFF8713-E68B-4B19-BC4B-4EC30165A7C1}.Debug|x64.ActiveCfg = Debug|x64
		{3EFF8713-E68B-4B19-BC4B-4EC30165A7C1}.Debug|x64.Build.0 = Debug|x64
		{3EFF8713-E68B-4B19-BC4B-4EC30165A7C1}.Debug|x86.ActiveCfg = Debug|Win32
		{3EFF8713-E68B-4B19-BC4B-4EC30165A7C1}.Debug|x86.Build.0 = Debug|Win32
		{3EFF8713-E68B-4B19-BC4B-4EC30165A7C1}.Release|x64.ActiveCfg = Release|x64
		{3EFF8713-E68B-4B19-BC4B-4EC30165A7C1}.Release|x64.Build.0 = Release|x64
		{3EFF8713-E68B-4B19-BC4B-4EC30165A7C1}.Release|x86.ActiveCfg = Release|Win32
		{3EFF8713-E68B-4B19-BC4B-4EC30165A7C1}.Release|x86.Build.0 = Release|Win32
		{330A0596-DB49-45E4-AD2C-43A15AA29D21}.Debug|x64.ActiveCfg = Debug|x64
		{330A0596-DB49-45E4-AD2C-43A15AA29D21}.Debug|x64.Build.0 = Debug|x64
		{330A0596-DB49-45E4-AD2C-43A15AA29D21}.Debug|x86.ActiveCfg = Debug|Win32
		{330A0596-DB49-45E4-AD2C-43A15AA29D21}.Debug|x86.Build.0 = Debug|Win32
		{330A0596-DB49-45E4-AD2C-43A15AA29D21}.Release|x64.ActiveCfg = Release|x64
		{330A0596-DB49-45E4-AD2C-43A15AA29D21}.Release|x64.Build.0 = Release|x64
		{330A0596-DB49-45E4-AD2C-43A15AA29D21}.Release|x86.ActiveCfg = Release|Win32
		{330A0596-DB49-45E4-AD2C-43A15AA29D21}.Release|x86.Build.0 = Release|Win32
	EndGlobalSection
	GlobalSection(SolutionProperties) = preSolution
		HideSolutionNode = FALSE
	EndGlobalSection
	GlobalSection(ExtensibilityGlobals) = postSolution
		SolutionGuid = {063C24E5-522F-4D48-A617-E2E047781D6A}
	EndGlobalSection
	GlobalSection(Performance) = preSolution
		HasPerformanceSessions = true
	EndGlobalSection
EndGlobal
