<?xml version="1.0" encoding="utf-8"?>
<Project ToolsVersion="4.0" xmlns="http://schemas.microsoft.com/developer/msbuild/2003">
  <ItemGroup>
    <Filter Include="Source Files">
      <UniqueIdentifier>{4FC737F1-C7A5-4376-A066-2A32D752A2FF}</UniqueIdentifier>
      <Extensions>cpp;c;cc;cxx;def;odl;idl;hpj;bat;asm;asmx</Extensions>
    </Filter>
    <Filter Include="Header Files">
      <UniqueIdentifier>{93995380-89BD-4b04-88EB-625FBE52EBFB}</UniqueIdentifier>
      <Extensions>h;hh;hpp;hxx;hm;inl;inc;ipp;xsd</Extensions>
    </Filter>
    <Filter Include="Resource Files">
      <UniqueIdentifier>{67DA6AB6-F800-4c08-8B7A-83BB121AAD01}</UniqueIdentifier>
      <Extensions>rc;ico;cur;bmp;dlg;rc2;rct;bin;rgs;gif;jpg;jpeg;jpe;resx;tiff;tif;png;wav;mfcribbon-ms</Extensions>
    </Filter>
    <Filter Include="Code">
      <UniqueIdentifier>{9b513468-fe6a-49e7-ac92-39d6deb993bb}</UniqueIdentifier>
    </Filter>
  </ItemGroup>
  <ItemGroup>
    <ClCompile Include="Tests.cpp">
      <Filter>Source Files</Filter>
    </ClCompile>
    <ClCompile Include="..\Includes\QLibPCH.cpp">
      <Filter>Source Files</Filter>
    </ClCompile>
    <ClCompile Include="TestLexer.cpp">
      <Filter>Source Files</Filter>
    </ClCompile>
    <ClCompile Include="..\Library\Common\Chunk.cpp">
      <Filter>Code</Filter>
    </ClCompile>
    <ClCompile Include="..\Library\Common\Disassembler.cpp">
      <Filter>Code</Filter>
    </ClCompile>
    <ClCompile Include="..\Library\Compiler\AST.cpp">
      <Filter>Code</Filter>
    </ClCompile>
    <ClCompile Include="..\Library\Compiler\Compiler.cpp">
      <Filter>Code</Filter>
    </ClCompile>
    <ClCompile Include="..\Library\Compiler\IRGenerator.cpp">
      <Filter>Code</Filter>
    </ClCompile>
    <ClCompile Include="..\Library\Compiler\Lexer.cpp">
      <Filter>Code</Filter>
    </ClCompile>
    <ClCompile Include="..\Library\Runtime\QVM.cpp">
      <Filter>Code</Filter>
    </ClCompile>
    <ClCompile Include="TestCompiler.cpp">
      <Filter>Source Files</Filter>
    </ClCompile>
    <ClCompile Include="TestInterpreter.cpp">
      <Filter>Source Files</Filter>
    </ClCompile>
    <ClCompile Include="Utils.cpp">
      <Filter>Source Files</Filter>
    </ClCompile>
    <ClCompile Include="..\Library\Common\Value.cpp">
      <Filter>Code</Filter>
    </ClCompile>
    <ClCompile Include="..\Library\STL\NativeModule.cpp">
      <Filter>Code</Filter>
    </ClCompile>
    <ClCompile Include="..\Library\STL\System.cpp">
      <Filter>Code</Filter>
    </ClCompile>
    <ClCompile Include="..\Library\STL\Time.cpp">
      <Filter>Code</Filter>
    </ClCompile>
  </ItemGroup>
  <ItemGroup>
    <ClInclude Include="Tests.h">
      <Filter>Header Files</Filter>
    </ClInclude>
    <ClInclude Include="Utils.h">
      <Filter>Header Files</Filter>
    </ClInclude>
    <ClInclude Include="..\Library\Common\Object.h">
      <Filter>Code</Filter>
    </ClInclude>
  </ItemGroup>
</Project>